
Microsoft Visual Studio Solution File, Format Version 12.00
# Visual Studio 14
VisualStudioVersion = 14.0.25420.1
MinimumVisualStudioVersion = 10.0.40219.1
Project("{FAE04EC0-301F-11D3-BF4B-00C04F79EFBC}") = "UIChildProtection", "UIChildProtection\UIChildProtection.csproj", "{502FC15D-087D-4D11-8BD0-D238B5B052C2}"
EndProject
Project("{FAE04EC0-301F-11D3-BF4B-00C04F79EFBC}") = "BOL", "..\BOL\BOL.csproj", "{BD0BE281-52E5-47B3-B2D4-EAEC04ED9CB4}"
EndProject
Project("{FAE04EC0-301F-11D3-BF4B-00C04F79EFBC}") = "BLL", "..\BLL\BLL.csproj", "{98011C56-C70F-4855-A5A8-03F78D5FFC5C}"
EndProject
Project("{FAE04EC0-301F-11D3-BF4B-00C04F79EFBC}") = "DAL", "..\DAL\DAL.csproj", "{5B366A62-238A-4967-BCD0-D297FE7037E1}"
EndProject
Global
	GlobalSection(SolutionConfigurationPlatforms) = preSolution
		Debug|Any CPU = Debug|Any CPU
		Release|Any CPU = Release|Any CPU
	EndGlobalSection
	GlobalSection(ProjectConfigurationPlatforms) = postSolution
		{502FC15D-087D-4D11-8BD0-D238B5B052C2}.Debug|Any CPU.ActiveCfg = Debug|Any CPU
		{502FC15D-087D-4D11-8BD0-D238B5B052C2}.Debug|Any CPU.Build.0 = Debug|Any CPU
		{502FC15D-087D-4D11-8BD0-D238B5B052C2}.Release|Any CPU.ActiveCfg = Release|Any CPU
		{502FC15D-087D-4D11-8BD0-D238B5B052C2}.Release|Any CPU.Build.0 = Release|Any CPU
		{BD0BE281-52E5-47B3-B2D4-EAEC04ED9CB4}.Debug|Any CPU.ActiveCfg = Debug|Any CPU
		{BD0BE281-52E5-47B3-B2D4-EAEC04ED9CB4}.Debug|Any CPU.Build.0 = Debug|Any CPU
		{BD0BE281-52E5-47B3-B2D4-EAEC04ED9CB4}.Release|Any CPU.ActiveCfg = Release|Any CPU
		{BD0BE281-52E5-47B3-B2D4-EAEC04ED9CB4}.Release|Any CPU.Build.0 = Release|Any CPU
		{98011C56-C70F-4855-A5A8-03F78D5FFC5C}.Debug|Any CPU.ActiveCfg = Debug|Any CPU
		{98011C56-C70F-4855-A5A8-03F78D5FFC5C}.Debug|Any CPU.Build.0 = Debug|Any CPU
		{98011C56-C70F-4855-A5A8-03F78D5FFC5C}.Release|Any CPU.ActiveCfg = Release|Any CPU
		{98011C56-C70F-4855-A5A8-03F78D5FFC5C}.Release|Any CPU.Build.0 = Release|Any CPU
		{5B366A62-238A-4967-BCD0-D297FE7037E1}.Debug|Any CPU.ActiveCfg = Debug|Any CPU
		{5B366A62-238A-4967-BCD0-D297FE7037E1}.Debug|Any CPU.Build.0 = Debug|Any CPU
		{5B366A62-238A-4967-BCD0-D297FE7037E1}.Release|Any CPU.ActiveCfg = Release|Any CPU
		{5B366A62-238A-4967-BCD0-D297FE7037E1}.Release|Any CPU.Build.0 = Release|Any CPU
	EndGlobalSection
	GlobalSection(SolutionProperties) = preSolution
		HideSolutionNode = FALSE
	EndGlobalSection
EndGlobal
